// !$*UTF8*$!
{
	archiveVersion = 1;
	classes = {
	};
	objectVersion = 46;
	objects = {

/* Begin PBXBuildFile section */
		6F2666EF15627E8A004E56A2 /* UIKit.framework in Frameworks */ = {isa = PBXBuildFile; fileRef = 6F6FB23B15539E57000AE8EC /* UIKit.framework */; };
		6F2666F015627E8A004E56A2 /* Foundation.framework in Frameworks */ = {isa = PBXBuildFile; fileRef = 6F6FB23D15539E57000AE8EC /* Foundation.framework */; };
		6F2666F115627E8A004E56A2 /* CoreGraphics.framework in Frameworks */ = {isa = PBXBuildFile; fileRef = 6F6FB23F15539E57000AE8EC /* CoreGraphics.framework */; };
		6F2666F715627E8A004E56A2 /* InfoPlist.strings in Resources */ = {isa = PBXBuildFile; fileRef = 6F2666F515627E8A004E56A2 /* InfoPlist.strings */; };
		6F26670815627ED6004E56A2 /* GHUnitIOS.framework in Frameworks */ = {isa = PBXBuildFile; fileRef = 6F26670715627ED6004E56A2 /* GHUnitIOS.framework */; };
		6F26670B1562806B004E56A2 /* GHUnitIOSTestMain.m in Sources */ = {isa = PBXBuildFile; fileRef = 6F26670A1562806B004E56A2 /* GHUnitIOSTestMain.m */; };
		6F26670E15628190004E56A2 /* MEExampleTest.m in Sources */ = {isa = PBXBuildFile; fileRef = 6F26670D15628190004E56A2 /* MEExampleTest.m */; };
		6F2B978D1554B10D0082E571 /* activities@2x.png in Resources */ = {isa = PBXBuildFile; fileRef = 6F2B978C1554B10D0082E571 /* activities@2x.png */; };
		6F2B979D1554C9F20082E571 /* MEBackgroundView.m in Sources */ = {isa = PBXBuildFile; fileRef = 6F2B979C1554C9F20082E571 /* MEBackgroundView.m */; };
		6F2B97A21554CE040082E571 /* MESignInController.m in Sources */ = {isa = PBXBuildFile; fileRef = 6F2B97A11554CE040082E571 /* MESignInController.m */; };
		6F2B97A51554D13F0082E571 /* MEFontLibrary.m in Sources */ = {isa = PBXBuildFile; fileRef = 6F2B97A41554D13F0082E571 /* MEFontLibrary.m */; };
		6F2B97A81554D4E50082E571 /* UILabelExtension.m in Sources */ = {isa = PBXBuildFile; fileRef = 6F2B97A71554D4E50082E571 /* UILabelExtension.m */; };
		6F340E46155CDAE3003722EA /* MECalendarController.m in Sources */ = {isa = PBXBuildFile; fileRef = 6F340E45155CDAE3003722EA /* MECalendarController.m */; };
		6F340E4F155D2067003722EA /* MECalendarView.m in Sources */ = {isa = PBXBuildFile; fileRef = 6F340E4E155D2067003722EA /* MECalendarView.m */; };
		6F340E52155D2F76003722EA /* MECalendar.m in Sources */ = {isa = PBXBuildFile; fileRef = 6F340E51155D2F76003722EA /* MECalendar.m */; };
		6F3E01061571D2C00085415C /* NSStringExtension.m in Sources */ = {isa = PBXBuildFile; fileRef = 6F3E01051571D2C00085415C /* NSStringExtension.m */; };
		6F3E01091571D5CF0085415C /* MELabel.m in Sources */ = {isa = PBXBuildFile; fileRef = 6F3E01081571D5CF0085415C /* MELabel.m */; };
		6F3E01181571F9C40085415C /* MEWeekCell.m in Sources */ = {isa = PBXBuildFile; fileRef = 6F3E01171571F9C40085415C /* MEWeekCell.m */; };
		6F434AF4157A09D300616177 /* day-bad@2x.png in Resources */ = {isa = PBXBuildFile; fileRef = 6F434AF2157A09D300616177 /* day-bad@2x.png */; };
		6F434AF5157A09D300616177 /* day-unknown@2x.png in Resources */ = {isa = PBXBuildFile; fileRef = 6F434AF3157A09D300616177 /* day-unknown@2x.png */; };
		6F434AF9157A322400616177 /* MEDayView.m in Sources */ = {isa = PBXBuildFile; fileRef = 6F434AF8157A322400616177 /* MEDayView.m */; };
		6F44B89F1556A217009FE6EC /* MEUser.m in Sources */ = {isa = PBXBuildFile; fileRef = 6F44B89E1556A217009FE6EC /* MEUser.m */; };
		6F5AC9DB155517ED00DC48C4 /* blackboard.png in Resources */ = {isa = PBXBuildFile; fileRef = 6F5AC9DA155517ED00DC48C4 /* blackboard.png */; };
		6F5AC9DD1555181900DC48C4 /* blackboard@2x.png in Resources */ = {isa = PBXBuildFile; fileRef = 6F5AC9DC1555181900DC48C4 /* blackboard@2x.png */; };
		6F5AC9E0155518B400DC48C4 /* MESignInView.m in Sources */ = {isa = PBXBuildFile; fileRef = 6F5AC9DF155518B400DC48C4 /* MESignInView.m */; };
		6F5AC9EF155524DD00DC48C4 /* MEStickerView.m in Sources */ = {isa = PBXBuildFile; fileRef = 6F5AC9EE155524DD00DC48C4 /* MEStickerView.m */; };
		6F5AC9F615552C0700DC48C4 /* sticker.png in Resources */ = {isa = PBXBuildFile; fileRef = 6F5AC9F515552C0700DC48C4 /* sticker.png */; };
		6F5AC9F81555353100DC48C4 /* button.png in Resources */ = {isa = PBXBuildFile; fileRef = 6F5AC9F71555353100DC48C4 /* button.png */; };
		6F5AC9FA1555393700DC48C4 /* sticker@2x.png in Resources */ = {isa = PBXBuildFile; fileRef = 6F5AC9F91555393700DC48C4 /* sticker@2x.png */; };
		6F6FB23C15539E57000AE8EC /* UIKit.framework in Frameworks */ = {isa = PBXBuildFile; fileRef = 6F6FB23B15539E57000AE8EC /* UIKit.framework */; };
		6F6FB23E15539E57000AE8EC /* Foundation.framework in Frameworks */ = {isa = PBXBuildFile; fileRef = 6F6FB23D15539E57000AE8EC /* Foundation.framework */; };
		6F6FB24015539E57000AE8EC /* CoreGraphics.framework in Frameworks */ = {isa = PBXBuildFile; fileRef = 6F6FB23F15539E57000AE8EC /* CoreGraphics.framework */; };
		6F6FB24615539E57000AE8EC /* InfoPlist.strings in Resources */ = {isa = PBXBuildFile; fileRef = 6F6FB24415539E57000AE8EC /* InfoPlist.strings */; };
		6F6FB24815539E57000AE8EC /* main.m in Sources */ = {isa = PBXBuildFile; fileRef = 6F6FB24715539E57000AE8EC /* main.m */; };
		6F6FB24C15539E57000AE8EC /* MEAppDelegate.m in Sources */ = {isa = PBXBuildFile; fileRef = 6F6FB24B15539E57000AE8EC /* MEAppDelegate.m */; };
		6F6FB25415539E57000AE8EC /* SenTestingKit.framework in Frameworks */ = {isa = PBXBuildFile; fileRef = 6F6FB25315539E57000AE8EC /* SenTestingKit.framework */; };
		6F6FB25515539E57000AE8EC /* UIKit.framework in Frameworks */ = {isa = PBXBuildFile; fileRef = 6F6FB23B15539E57000AE8EC /* UIKit.framework */; };
		6F6FB25615539E57000AE8EC /* Foundation.framework in Frameworks */ = {isa = PBXBuildFile; fileRef = 6F6FB23D15539E57000AE8EC /* Foundation.framework */; };
		6F6FB25E15539E57000AE8EC /* InfoPlist.strings in Resources */ = {isa = PBXBuildFile; fileRef = 6F6FB25C15539E57000AE8EC /* InfoPlist.strings */; };
		6F6FB26115539E57000AE8EC /* MeCalendarTests.m in Sources */ = {isa = PBXBuildFile; fileRef = 6F6FB26015539E57000AE8EC /* MeCalendarTests.m */; };
		6F8AEF7F156FE3EE001F0DF8 /* MEMonthView.m in Sources */ = {isa = PBXBuildFile; fileRef = 6F8AEF7E156FE3EE001F0DF8 /* MEMonthView.m */; };
		6FEBCABF1553F57B004FC1B1 /* welcome.xib in Resources */ = {isa = PBXBuildFile; fileRef = 6FEBCABE1553F57B004FC1B1 /* welcome.xib */; };
		6FEBCAC31553F775004FC1B1 /* MEWelcomeController.m in Sources */ = {isa = PBXBuildFile; fileRef = 6FEBCAC21553F775004FC1B1 /* MEWelcomeController.m */; };
		6FEBCACF155400D3004FC1B1 /* activities.png in Resources */ = {isa = PBXBuildFile; fileRef = 6FEBCACE155400D3004FC1B1 /* activities.png */; };
		6FEBCAD41554063A004FC1B1 /* lucida-calligraphy-italic.ttf in Resources */ = {isa = PBXBuildFile; fileRef = 6FEBCAD31554063A004FC1B1 /* lucida-calligraphy-italic.ttf */; };
/* End PBXBuildFile section */

/* Begin PBXContainerItemProxy section */
		6F6FB25715539E57000AE8EC /* PBXContainerItemProxy */ = {
			isa = PBXContainerItemProxy;
			containerPortal = 6F6FB22E15539E57000AE8EC /* Project object */;
			proxyType = 1;
			remoteGlobalIDString = 6F6FB23615539E57000AE8EC;
			remoteInfo = OneHour4Me;
		};
/* End PBXContainerItemProxy section */

/* Begin PBXFileReference section */
		6F2666ED15627E8A004E56A2 /* OneHour4MeGHTests.app */ = {isa = PBXFileReference; explicitFileType = wrapper.application; includeInIndex = 0; path = OneHour4MeGHTests.app; sourceTree = BUILT_PRODUCTS_DIR; };
		6F2666F415627E8A004E56A2 /* OneHour4MeGHTests-Info.plist */ = {isa = PBXFileReference; lastKnownFileType = text.plist.xml; path = "OneHour4MeGHTests-Info.plist"; sourceTree = "<group>"; };
		6F2666F615627E8A004E56A2 /* en */ = {isa = PBXFileReference; lastKnownFileType = text.plist.strings; name = en; path = en.lproj/InfoPlist.strings; sourceTree = "<group>"; };
		6F2666FA15627E8A004E56A2 /* OneHour4MeGHTests-Prefix.pch */ = {isa = PBXFileReference; lastKnownFileType = sourcecode.c.h; path = "OneHour4MeGHTests-Prefix.pch"; sourceTree = "<group>"; };
		6F26670715627ED6004E56A2 /* GHUnitIOS.framework */ = {isa = PBXFileReference; lastKnownFileType = wrapper.framework; path = GHUnitIOS.framework; sourceTree = "<group>"; };
		6F26670A1562806B004E56A2 /* GHUnitIOSTestMain.m */ = {isa = PBXFileReference; fileEncoding = 4; lastKnownFileType = sourcecode.c.objc; path = GHUnitIOSTestMain.m; sourceTree = "<group>"; };
		6F26670D15628190004E56A2 /* MEExampleTest.m */ = {isa = PBXFileReference; fileEncoding = 4; lastKnownFileType = sourcecode.c.objc; path = MEExampleTest.m; sourceTree = "<group>"; };
		6F2B978C1554B10D0082E571 /* activities@2x.png */ = {isa = PBXFileReference; lastKnownFileType = image.png; path = "activities@2x.png"; sourceTree = "<group>"; };
		6F2B979B1554C9F20082E571 /* MEBackgroundView.h */ = {isa = PBXFileReference; fileEncoding = 4; lastKnownFileType = sourcecode.c.h; path = MEBackgroundView.h; sourceTree = "<group>"; };
		6F2B979C1554C9F20082E571 /* MEBackgroundView.m */ = {isa = PBXFileReference; fileEncoding = 4; lastKnownFileType = sourcecode.c.objc; path = MEBackgroundView.m; sourceTree = "<group>"; };
		6F2B97A01554CE040082E571 /* MESignInController.h */ = {isa = PBXFileReference; fileEncoding = 4; lastKnownFileType = sourcecode.c.h; path = MESignInController.h; sourceTree = "<group>"; };
		6F2B97A11554CE040082E571 /* MESignInController.m */ = {isa = PBXFileReference; fileEncoding = 4; lastKnownFileType = sourcecode.c.objc; path = MESignInController.m; sourceTree = "<group>"; };
		6F2B97A31554D13F0082E571 /* MEFontLibrary.h */ = {isa = PBXFileReference; fileEncoding = 4; lastKnownFileType = sourcecode.c.h; path = MEFontLibrary.h; sourceTree = "<group>"; };
		6F2B97A41554D13F0082E571 /* MEFontLibrary.m */ = {isa = PBXFileReference; fileEncoding = 4; lastKnownFileType = sourcecode.c.objc; path = MEFontLibrary.m; sourceTree = "<group>"; };
		6F2B97A61554D4E50082E571 /* UILabelExtension.h */ = {isa = PBXFileReference; fileEncoding = 4; lastKnownFileType = sourcecode.c.h; path = UILabelExtension.h; sourceTree = "<group>"; };
		6F2B97A71554D4E50082E571 /* UILabelExtension.m */ = {isa = PBXFileReference; fileEncoding = 4; lastKnownFileType = sourcecode.c.objc; path = UILabelExtension.m; sourceTree = "<group>"; };
		6F340E44155CDAE3003722EA /* MECalendarController.h */ = {isa = PBXFileReference; fileEncoding = 4; lastKnownFileType = sourcecode.c.h; path = MECalendarController.h; sourceTree = "<group>"; };
		6F340E45155CDAE3003722EA /* MECalendarController.m */ = {isa = PBXFileReference; fileEncoding = 4; lastKnownFileType = sourcecode.c.objc; path = MECalendarController.m; sourceTree = "<group>"; };
		6F340E4D155D2067003722EA /* MECalendarView.h */ = {isa = PBXFileReference; fileEncoding = 4; lastKnownFileType = sourcecode.c.h; path = MECalendarView.h; sourceTree = "<group>"; };
		6F340E4E155D2067003722EA /* MECalendarView.m */ = {isa = PBXFileReference; fileEncoding = 4; lastKnownFileType = sourcecode.c.objc; path = MECalendarView.m; sourceTree = "<group>"; };
		6F340E50155D2F76003722EA /* MECalendar.h */ = {isa = PBXFileReference; fileEncoding = 4; lastKnownFileType = sourcecode.c.h; path = MECalendar.h; sourceTree = "<group>"; };
		6F340E51155D2F76003722EA /* MECalendar.m */ = {isa = PBXFileReference; fileEncoding = 4; lastKnownFileType = sourcecode.c.objc; path = MECalendar.m; sourceTree = "<group>"; };
		6F3E01041571D2BF0085415C /* NSStringExtension.h */ = {isa = PBXFileReference; fileEncoding = 4; lastKnownFileType = sourcecode.c.h; path = NSStringExtension.h; sourceTree = "<group>"; };
		6F3E01051571D2C00085415C /* NSStringExtension.m */ = {isa = PBXFileReference; fileEncoding = 4; lastKnownFileType = sourcecode.c.objc; path = NSStringExtension.m; sourceTree = "<group>"; };
		6F3E01071571D5CF0085415C /* MELabel.h */ = {isa = PBXFileReference; fileEncoding = 4; lastKnownFileType = sourcecode.c.h; path = MELabel.h; sourceTree = "<group>"; };
		6F3E01081571D5CF0085415C /* MELabel.m */ = {isa = PBXFileReference; fileEncoding = 4; lastKnownFileType = sourcecode.c.objc; path = MELabel.m; sourceTree = "<group>"; };
		6F3E01161571F9C30085415C /* MEWeekCell.h */ = {isa = PBXFileReference; fileEncoding = 4; lastKnownFileType = sourcecode.c.h; path = MEWeekCell.h; sourceTree = "<group>"; };
		6F3E01171571F9C40085415C /* MEWeekCell.m */ = {isa = PBXFileReference; fileEncoding = 4; lastKnownFileType = sourcecode.c.objc; path = MEWeekCell.m; sourceTree = "<group>"; };
		6F434AF2157A09D300616177 /* day-bad@2x.png */ = {isa = PBXFileReference; lastKnownFileType = image.png; path = "day-bad@2x.png"; sourceTree = "<group>"; };
		6F434AF3157A09D300616177 /* day-unknown@2x.png */ = {isa = PBXFileReference; lastKnownFileType = image.png; path = "day-unknown@2x.png"; sourceTree = "<group>"; };
		6F434AF7157A322400616177 /* MEDayView.h */ = {isa = PBXFileReference; fileEncoding = 4; lastKnownFileType = sourcecode.c.h; path = MEDayView.h; sourceTree = "<group>"; };
		6F434AF8157A322400616177 /* MEDayView.m */ = {isa = PBXFileReference; fileEncoding = 4; lastKnownFileType = sourcecode.c.objc; path = MEDayView.m; sourceTree = "<group>"; };
		6F44B89D1556A217009FE6EC /* MEUser.h */ = {isa = PBXFileReference; fileEncoding = 4; lastKnownFileType = sourcecode.c.h; path = MEUser.h; sourceTree = "<group>"; };
		6F44B89E1556A217009FE6EC /* MEUser.m */ = {isa = PBXFileReference; fileEncoding = 4; lastKnownFileType = sourcecode.c.objc; path = MEUser.m; sourceTree = "<group>"; };
		6F5AC9DA155517ED00DC48C4 /* blackboard.png */ = {isa = PBXFileReference; lastKnownFileType = image.png; path = blackboard.png; sourceTree = "<group>"; };
		6F5AC9DC1555181900DC48C4 /* blackboard@2x.png */ = {isa = PBXFileReference; lastKnownFileType = image.png; path = "blackboard@2x.png"; sourceTree = "<group>"; };
		6F5AC9DE155518B400DC48C4 /* MESignInView.h */ = {isa = PBXFileReference; fileEncoding = 4; lastKnownFileType = sourcecode.c.h; path = MESignInView.h; sourceTree = "<group>"; };
		6F5AC9DF155518B400DC48C4 /* MESignInView.m */ = {isa = PBXFileReference; fileEncoding = 4; lastKnownFileType = sourcecode.c.objc; path = MESignInView.m; sourceTree = "<group>"; };
		6F5AC9ED155524DD00DC48C4 /* MEStickerView.h */ = {isa = PBXFileReference; fileEncoding = 4; lastKnownFileType = sourcecode.c.h; path = MEStickerView.h; sourceTree = "<group>"; };
		6F5AC9EE155524DD00DC48C4 /* MEStickerView.m */ = {isa = PBXFileReference; fileEncoding = 4; lastKnownFileType = sourcecode.c.objc; path = MEStickerView.m; sourceTree = "<group>"; };
		6F5AC9F515552C0700DC48C4 /* sticker.png */ = {isa = PBXFileReference; lastKnownFileType = image.png; path = sticker.png; sourceTree = "<group>"; };
		6F5AC9F71555353100DC48C4 /* button.png */ = {isa = PBXFileReference; lastKnownFileType = image.png; path = button.png; sourceTree = "<group>"; };
		6F5AC9F91555393700DC48C4 /* sticker@2x.png */ = {isa = PBXFileReference; lastKnownFileType = image.png; path = "sticker@2x.png"; sourceTree = "<group>"; };
		6F6FB23715539E57000AE8EC /* OneHour4Me.app */ = {isa = PBXFileReference; explicitFileType = wrapper.application; includeInIndex = 0; path = OneHour4Me.app; sourceTree = BUILT_PRODUCTS_DIR; };
		6F6FB23B15539E57000AE8EC /* UIKit.framework */ = {isa = PBXFileReference; lastKnownFileType = wrapper.framework; name = UIKit.framework; path = System/Library/Frameworks/UIKit.framework; sourceTree = SDKROOT; };
		6F6FB23D15539E57000AE8EC /* Foundation.framework */ = {isa = PBXFileReference; lastKnownFileType = wrapper.framework; name = Foundation.framework; path = System/Library/Frameworks/Foundation.framework; sourceTree = SDKROOT; };
		6F6FB23F15539E57000AE8EC /* CoreGraphics.framework */ = {isa = PBXFileReference; lastKnownFileType = wrapper.framework; name = CoreGraphics.framework; path = System/Library/Frameworks/CoreGraphics.framework; sourceTree = SDKROOT; };
		6F6FB24315539E57000AE8EC /* OneHour4Me-Info.plist */ = {isa = PBXFileReference; lastKnownFileType = text.plist.xml; path = "OneHour4Me-Info.plist"; sourceTree = "<group>"; };
		6F6FB24515539E57000AE8EC /* en */ = {isa = PBXFileReference; lastKnownFileType = text.plist.strings; name = en; path = en.lproj/InfoPlist.strings; sourceTree = "<group>"; };
		6F6FB24715539E57000AE8EC /* main.m */ = {isa = PBXFileReference; lastKnownFileType = sourcecode.c.objc; path = main.m; sourceTree = "<group>"; };
		6F6FB24915539E57000AE8EC /* OneHour4Me-Prefix.pch */ = {isa = PBXFileReference; lastKnownFileType = sourcecode.c.h; path = "OneHour4Me-Prefix.pch"; sourceTree = "<group>"; };
		6F6FB24A15539E57000AE8EC /* MEAppDelegate.h */ = {isa = PBXFileReference; lastKnownFileType = sourcecode.c.h; path = MEAppDelegate.h; sourceTree = "<group>"; };
		6F6FB24B15539E57000AE8EC /* MEAppDelegate.m */ = {isa = PBXFileReference; lastKnownFileType = sourcecode.c.objc; path = MEAppDelegate.m; sourceTree = "<group>"; };
		6F6FB25215539E57000AE8EC /* OneHour4MeTests.octest */ = {isa = PBXFileReference; explicitFileType = wrapper.cfbundle; includeInIndex = 0; path = OneHour4MeTests.octest; sourceTree = BUILT_PRODUCTS_DIR; };
		6F6FB25315539E57000AE8EC /* SenTestingKit.framework */ = {isa = PBXFileReference; lastKnownFileType = wrapper.framework; name = SenTestingKit.framework; path = Library/Frameworks/SenTestingKit.framework; sourceTree = DEVELOPER_DIR; };
		6F6FB25B15539E57000AE8EC /* OneHour4MeTests-Info.plist */ = {isa = PBXFileReference; lastKnownFileType = text.plist.xml; path = "OneHour4MeTests-Info.plist"; sourceTree = "<group>"; };
		6F6FB25D15539E57000AE8EC /* en */ = {isa = PBXFileReference; lastKnownFileType = text.plist.strings; name = en; path = en.lproj/InfoPlist.strings; sourceTree = "<group>"; };
		6F6FB25F15539E57000AE8EC /* MeCalendarTests.h */ = {isa = PBXFileReference; lastKnownFileType = sourcecode.c.h; path = MeCalendarTests.h; sourceTree = "<group>"; };
		6F6FB26015539E57000AE8EC /* MeCalendarTests.m */ = {isa = PBXFileReference; lastKnownFileType = sourcecode.c.objc; path = MeCalendarTests.m; sourceTree = "<group>"; };
		6F8AEF7D156FE3EE001F0DF8 /* MEMonthView.h */ = {isa = PBXFileReference; fileEncoding = 4; lastKnownFileType = sourcecode.c.h; path = MEMonthView.h; sourceTree = "<group>"; };
		6F8AEF7E156FE3EE001F0DF8 /* MEMonthView.m */ = {isa = PBXFileReference; fileEncoding = 4; lastKnownFileType = sourcecode.c.objc; path = MEMonthView.m; sourceTree = "<group>"; };
		6FEBCABE1553F57B004FC1B1 /* welcome.xib */ = {isa = PBXFileReference; fileEncoding = 4; lastKnownFileType = file.xib; path = welcome.xib; sourceTree = "<group>"; };
		6FEBCAC11553F775004FC1B1 /* MEWelcomeController.h */ = {isa = PBXFileReference; fileEncoding = 4; lastKnownFileType = sourcecode.c.h; path = MEWelcomeController.h; sourceTree = "<group>"; };
		6FEBCAC21553F775004FC1B1 /* MEWelcomeController.m */ = {isa = PBXFileReference; fileEncoding = 4; lastKnownFileType = sourcecode.c.objc; path = MEWelcomeController.m; sourceTree = "<group>"; };
		6FEBCACE155400D3004FC1B1 /* activities.png */ = {isa = PBXFileReference; lastKnownFileType = image.png; path = activities.png; sourceTree = "<group>"; };
		6FEBCAD31554063A004FC1B1 /* lucida-calligraphy-italic.ttf */ = {isa = PBXFileReference; lastKnownFileType = file; path = "lucida-calligraphy-italic.ttf"; sourceTree = "<group>"; };
/* End PBXFileReference section */

/* Begin PBXFrameworksBuildPhase section */
		6F2666EA15627E8A004E56A2 /* Frameworks */ = {
			isa = PBXFrameworksBuildPhase;
			buildActionMask = 2147483647;
			files = (
				6F26670815627ED6004E56A2 /* GHUnitIOS.framework in Frameworks */,
				6F2666EF15627E8A004E56A2 /* UIKit.framework in Frameworks */,
				6F2666F015627E8A004E56A2 /* Foundation.framework in Frameworks */,
				6F2666F115627E8A004E56A2 /* CoreGraphics.framework in Frameworks */,
			);
			runOnlyForDeploymentPostprocessing = 0;
		};
		6F6FB23415539E57000AE8EC /* Frameworks */ = {
			isa = PBXFrameworksBuildPhase;
			buildActionMask = 2147483647;
			files = (
				6F6FB23C15539E57000AE8EC /* UIKit.framework in Frameworks */,
				6F6FB23E15539E57000AE8EC /* Foundation.framework in Frameworks */,
				6F6FB24015539E57000AE8EC /* CoreGraphics.framework in Frameworks */,
			);
			runOnlyForDeploymentPostprocessing = 0;
		};
		6F6FB24E15539E57000AE8EC /* Frameworks */ = {
			isa = PBXFrameworksBuildPhase;
			buildActionMask = 2147483647;
			files = (
				6F6FB25415539E57000AE8EC /* SenTestingKit.framework in Frameworks */,
				6F6FB25515539E57000AE8EC /* UIKit.framework in Frameworks */,
				6F6FB25615539E57000AE8EC /* Foundation.framework in Frameworks */,
			);
			runOnlyForDeploymentPostprocessing = 0;
		};
/* End PBXFrameworksBuildPhase section */

/* Begin PBXGroup section */
		6F2666F215627E8A004E56A2 /* OneHour4MeGHTests */ = {
			isa = PBXGroup;
			children = (
				6F2666F315627E8A004E56A2 /* Supporting Files */,
				6F26670A1562806B004E56A2 /* GHUnitIOSTestMain.m */,
				6F26670D15628190004E56A2 /* MEExampleTest.m */,
			);
			path = OneHour4MeGHTests;
			sourceTree = "<group>";
		};
		6F2666F315627E8A004E56A2 /* Supporting Files */ = {
			isa = PBXGroup;
			children = (
				6F2666F415627E8A004E56A2 /* OneHour4MeGHTests-Info.plist */,
				6F2666F515627E8A004E56A2 /* InfoPlist.strings */,
				6F2666FA15627E8A004E56A2 /* OneHour4MeGHTests-Prefix.pch */,
			);
			name = "Supporting Files";
			sourceTree = "<group>";
		};
		6F2B979A1554C9CB0082E571 /* Views */ = {
			isa = PBXGroup;
			children = (
				6F2B979B1554C9F20082E571 /* MEBackgroundView.h */,
				6F2B979C1554C9F20082E571 /* MEBackgroundView.m */,
				6F340E4D155D2067003722EA /* MECalendarView.h */,
				6F340E4E155D2067003722EA /* MECalendarView.m */,
				6F434AF7157A322400616177 /* MEDayView.h */,
				6F434AF8157A322400616177 /* MEDayView.m */,
				6F3E01071571D5CF0085415C /* MELabel.h */,
				6F3E01081571D5CF0085415C /* MELabel.m */,
				6F8AEF7D156FE3EE001F0DF8 /* MEMonthView.h */,
				6F8AEF7E156FE3EE001F0DF8 /* MEMonthView.m */,
				6F5AC9DE155518B400DC48C4 /* MESignInView.h */,
				6F5AC9DF155518B400DC48C4 /* MESignInView.m */,
				6F5AC9ED155524DD00DC48C4 /* MEStickerView.h */,
				6F5AC9EE155524DD00DC48C4 /* MEStickerView.m */,
				6F3E01161571F9C30085415C /* MEWeekCell.h */,
				6F3E01171571F9C40085415C /* MEWeekCell.m */,
				6F2B97A61554D4E50082E571 /* UILabelExtension.h */,
				6F2B97A71554D4E50082E571 /* UILabelExtension.m */,
			);
			name = Views;
			sourceTree = "<group>";
		};
		6F44B89B1556A1BB009FE6EC /* Models */ = {
			isa = PBXGroup;
			children = (
				6F340E50155D2F76003722EA /* MECalendar.h */,
				6F340E51155D2F76003722EA /* MECalendar.m */,
				6F44B89D1556A217009FE6EC /* MEUser.h */,
				6F44B89E1556A217009FE6EC /* MEUser.m */,
			);
			name = Models;
			sourceTree = "<group>";
		};
		6F6FB22C15539E57000AE8EC = {
			isa = PBXGroup;
			children = (
				6F6FB24115539E57000AE8EC /* OneHour4Me */,
				6F6FB25915539E57000AE8EC /* OneHour4MeTests */,
				6F2666F215627E8A004E56A2 /* OneHour4MeGHTests */,
				6F6FB23A15539E57000AE8EC /* Frameworks */,
				6F6FB23815539E57000AE8EC /* Products */,
			);
			sourceTree = "<group>";
		};
		6F6FB23815539E57000AE8EC /* Products */ = {
			isa = PBXGroup;
			children = (
				6F6FB23715539E57000AE8EC /* OneHour4Me.app */,
				6F6FB25215539E57000AE8EC /* OneHour4MeTests.octest */,
				6F2666ED15627E8A004E56A2 /* OneHour4MeGHTests.app */,
			);
			name = Products;
			sourceTree = "<group>";
		};
		6F6FB23A15539E57000AE8EC /* Frameworks */ = {
			isa = PBXGroup;
			children = (
				6F26670715627ED6004E56A2 /* GHUnitIOS.framework */,
				6F6FB23B15539E57000AE8EC /* UIKit.framework */,
				6F6FB23D15539E57000AE8EC /* Foundation.framework */,
				6F6FB23F15539E57000AE8EC /* CoreGraphics.framework */,
				6F6FB25315539E57000AE8EC /* SenTestingKit.framework */,
			);
			name = Frameworks;
			sourceTree = "<group>";
		};
		6F6FB24115539E57000AE8EC /* OneHour4Me */ = {
			isa = PBXGroup;
			children = (
				6F6FB26E1553A209000AE8EC /* Classes */,
				6F6FB2701553A235000AE8EC /* Resources */,
				6F6FB24215539E57000AE8EC /* Supporting Files */,
			);
			path = OneHour4Me;
			sourceTree = "<group>";
		};
		6F6FB24215539E57000AE8EC /* Supporting Files */ = {
			isa = PBXGroup;
			children = (
				6F6FB24315539E57000AE8EC /* OneHour4Me-Info.plist */,
				6F6FB24415539E57000AE8EC /* InfoPlist.strings */,
				6F6FB24915539E57000AE8EC /* OneHour4Me-Prefix.pch */,
			);
			name = "Supporting Files";
			sourceTree = "<group>";
		};
		6F6FB25915539E57000AE8EC /* OneHour4MeTests */ = {
			isa = PBXGroup;
			children = (
				6F6FB25F15539E57000AE8EC /* MeCalendarTests.h */,
				6F6FB26015539E57000AE8EC /* MeCalendarTests.m */,
				6F6FB25A15539E57000AE8EC /* Supporting Files */,
			);
			path = OneHour4MeTests;
			sourceTree = "<group>";
		};
		6F6FB25A15539E57000AE8EC /* Supporting Files */ = {
			isa = PBXGroup;
			children = (
				6F6FB25B15539E57000AE8EC /* OneHour4MeTests-Info.plist */,
				6F6FB25C15539E57000AE8EC /* InfoPlist.strings */,
			);
			name = "Supporting Files";
			sourceTree = "<group>";
		};
		6F6FB26E1553A209000AE8EC /* Classes */ = {
			isa = PBXGroup;
			children = (
				6FEBCAC01553F72E004FC1B1 /* Controllers */,
				6F44B89B1556A1BB009FE6EC /* Models */,
				6F2B979A1554C9CB0082E571 /* Views */,
				6F6FB24A15539E57000AE8EC /* MEAppDelegate.h */,
				6F6FB24B15539E57000AE8EC /* MEAppDelegate.m */,
				6F2B97A31554D13F0082E571 /* MEFontLibrary.h */,
				6F2B97A41554D13F0082E571 /* MEFontLibrary.m */,
				6F3E01041571D2BF0085415C /* NSStringExtension.h */,
				6F3E01051571D2C00085415C /* NSStringExtension.m */,
				6F6FB24715539E57000AE8EC /* main.m */,
			);
			path = Classes;
			sourceTree = "<group>";
		};
		6F6FB2701553A235000AE8EC /* Resources */ = {
			isa = PBXGroup;
			children = (
				6FEBCAD21554061A004FC1B1 /* Fonts */,
				6FEBCABB1553F4EC004FC1B1 /* Images */,
				6FEBCABD1553F50A004FC1B1 /* Xibs */,
			);
			path = Resources;
			sourceTree = "<group>";
		};
		6FEBCABB1553F4EC004FC1B1 /* Images */ = {
			isa = PBXGroup;
			children = (
				6FEBCACE155400D3004FC1B1 /* activities.png */,
				6F2B978C1554B10D0082E571 /* activities@2x.png */,
				6F5AC9DA155517ED00DC48C4 /* blackboard.png */,
				6F5AC9DC1555181900DC48C4 /* blackboard@2x.png */,
				6F434AF2157A09D300616177 /* day-bad@2x.png */,
				6F434AF3157A09D300616177 /* day-unknown@2x.png */,
				6F5AC9F515552C0700DC48C4 /* sticker.png */,
				6F5AC9F91555393700DC48C4 /* sticker@2x.png */,
				6F5AC9F71555353100DC48C4 /* button.png */,
			);
			path = Images;
			sourceTree = "<group>";
		};
		6FEBCABD1553F50A004FC1B1 /* Xibs */ = {
			isa = PBXGroup;
			children = (
				6FEBCABE1553F57B004FC1B1 /* welcome.xib */,
			);
			path = Xibs;
			sourceTree = "<group>";
		};
		6FEBCAC01553F72E004FC1B1 /* Controllers */ = {
			isa = PBXGroup;
			children = (
				6F340E44155CDAE3003722EA /* MECalendarController.h */,
				6F340E45155CDAE3003722EA /* MECalendarController.m */,
				6F2B97A01554CE040082E571 /* MESignInController.h */,
				6F2B97A11554CE040082E571 /* MESignInController.m */,
				6FEBCAC11553F775004FC1B1 /* MEWelcomeController.h */,
				6FEBCAC21553F775004FC1B1 /* MEWelcomeController.m */,
			);
			name = Controllers;
			sourceTree = "<group>";
		};
		6FEBCAD21554061A004FC1B1 /* Fonts */ = {
			isa = PBXGroup;
			children = (
				6FEBCAD31554063A004FC1B1 /* lucida-calligraphy-italic.ttf */,
			);
			path = Fonts;
			sourceTree = "<group>";
		};
/* End PBXGroup section */

/* Begin PBXNativeTarget section */
		6F2666EC15627E8A004E56A2 /* OneHour4MeGHTests */ = {
			isa = PBXNativeTarget;
			buildConfigurationList = 6F26670415627E8A004E56A2 /* Build configuration list for PBXNativeTarget "OneHour4MeGHTests" */;
			buildPhases = (
				6F2666E915627E8A004E56A2 /* Sources */,
				6F2666EA15627E8A004E56A2 /* Frameworks */,
				6F2666EB15627E8A004E56A2 /* Resources */,
			);
			buildRules = (
			);
			dependencies = (
			);
			name = OneHour4MeGHTests;
			productName = OneHour4MeGHTests;
			productReference = 6F2666ED15627E8A004E56A2 /* OneHour4MeGHTests.app */;
			productType = "com.apple.product-type.application";
		};
		6F6FB23615539E57000AE8EC /* OneHour4Me */ = {
			isa = PBXNativeTarget;
			buildConfigurationList = 6F6FB26415539E57000AE8EC /* Build configuration list for PBXNativeTarget "OneHour4Me" */;
			buildPhases = (
				6F6FB23315539E57000AE8EC /* Sources */,
				6F6FB23415539E57000AE8EC /* Frameworks */,
				6F6FB23515539E57000AE8EC /* Resources */,
			);
			buildRules = (
			);
			dependencies = (
			);
			name = OneHour4Me;
			productName = OneHour4Me;
			productReference = 6F6FB23715539E57000AE8EC /* OneHour4Me.app */;
			productType = "com.apple.product-type.application";
		};
		6F6FB25115539E57000AE8EC /* OneHour4MeTests */ = {
			isa = PBXNativeTarget;
			buildConfigurationList = 6F6FB26715539E57000AE8EC /* Build configuration list for PBXNativeTarget "OneHour4MeTests" */;
			buildPhases = (
				6F6FB24D15539E57000AE8EC /* Sources */,
				6F6FB24E15539E57000AE8EC /* Frameworks */,
				6F6FB24F15539E57000AE8EC /* Resources */,
				6F6FB25015539E57000AE8EC /* ShellScript */,
			);
			buildRules = (
			);
			dependencies = (
				6F6FB25815539E57000AE8EC /* PBXTargetDependency */,
			);
			name = OneHour4MeTests;
			productName = OneHour4MeTests;
			productReference = 6F6FB25215539E57000AE8EC /* OneHour4MeTests.octest */;
			productType = "com.apple.product-type.bundle";
		};
/* End PBXNativeTarget section */

/* Begin PBXProject section */
		6F6FB22E15539E57000AE8EC /* Project object */ = {
			isa = PBXProject;
			attributes = {
				CLASSPREFIX = ME;
				LastUpgradeCheck = 0430;
				ORGANIZATIONNAME = ThoughtWorks;
			};
			buildConfigurationList = 6F6FB23115539E57000AE8EC /* Build configuration list for PBXProject "OneHour4Me" */;
			compatibilityVersion = "Xcode 3.2";
			developmentRegion = English;
			hasScannedForEncodings = 0;
			knownRegions = (
				en,
			);
			mainGroup = 6F6FB22C15539E57000AE8EC;
			productRefGroup = 6F6FB23815539E57000AE8EC /* Products */;
			projectDirPath = "";
			projectRoot = "";
			targets = (
				6F6FB23615539E57000AE8EC /* OneHour4Me */,
				6F6FB25115539E57000AE8EC /* OneHour4MeTests */,
				6F2666EC15627E8A004E56A2 /* OneHour4MeGHTests */,
			);
		};
/* End PBXProject section */

/* Begin PBXResourcesBuildPhase section */
		6F2666EB15627E8A004E56A2 /* Resources */ = {
			isa = PBXResourcesBuildPhase;
			buildActionMask = 2147483647;
			files = (
				6F2666F715627E8A004E56A2 /* InfoPlist.strings in Resources */,
			);
			runOnlyForDeploymentPostprocessing = 0;
		};
		6F6FB23515539E57000AE8EC /* Resources */ = {
			isa = PBXResourcesBuildPhase;
			buildActionMask = 2147483647;
			files = (
				6F6FB24615539E57000AE8EC /* InfoPlist.strings in Resources */,
				6FEBCABF1553F57B004FC1B1 /* welcome.xib in Resources */,
				6FEBCACF155400D3004FC1B1 /* activities.png in Resources */,
				6FEBCAD41554063A004FC1B1 /* lucida-calligraphy-italic.ttf in Resources */,
				6F2B978D1554B10D0082E571 /* activities@2x.png in Resources */,
				6F5AC9DB155517ED00DC48C4 /* blackboard.png in Resources */,
				6F5AC9DD1555181900DC48C4 /* blackboard@2x.png in Resources */,
				6F5AC9F615552C0700DC48C4 /* sticker.png in Resources */,
				6F5AC9F81555353100DC48C4 /* button.png in Resources */,
				6F5AC9FA1555393700DC48C4 /* sticker@2x.png in Resources */,
				6F434AF4157A09D300616177 /* day-bad@2x.png in Resources */,
				6F434AF5157A09D300616177 /* day-unknown@2x.png in Resources */,
			);
			runOnlyForDeploymentPostprocessing = 0;
		};
		6F6FB24F15539E57000AE8EC /* Resources */ = {
			isa = PBXResourcesBuildPhase;
			buildActionMask = 2147483647;
			files = (
				6F6FB25E15539E57000AE8EC /* InfoPlist.strings in Resources */,
			);
			runOnlyForDeploymentPostprocessing = 0;
		};
/* End PBXResourcesBuildPhase section */

/* Begin PBXShellScriptBuildPhase section */
		6F6FB25015539E57000AE8EC /* ShellScript */ = {
			isa = PBXShellScriptBuildPhase;
			buildActionMask = 2147483647;
			files = (
			);
			inputPaths = (
			);
			outputPaths = (
			);
			runOnlyForDeploymentPostprocessing = 0;
			shellPath = /bin/sh;
			shellScript = "# Run the unit tests in this test bundle.\n\"${SYSTEM_DEVELOPER_DIR}/Tools/RunUnitTests\"\n";
		};
/* End PBXShellScriptBuildPhase section */

/* Begin PBXSourcesBuildPhase section */
		6F2666E915627E8A004E56A2 /* Sources */ = {
			isa = PBXSourcesBuildPhase;
			buildActionMask = 2147483647;
			files = (
				6F26670B1562806B004E56A2 /* GHUnitIOSTestMain.m in Sources */,
				6F26670E15628190004E56A2 /* MEExampleTest.m in Sources */,
			);
			runOnlyForDeploymentPostprocessing = 0;
		};
		6F6FB23315539E57000AE8EC /* Sources */ = {
			isa = PBXSourcesBuildPhase;
			buildActionMask = 2147483647;
			files = (
				6F6FB24815539E57000AE8EC /* main.m in Sources */,
				6F6FB24C15539E57000AE8EC /* MEAppDelegate.m in Sources */,
				6FEBCAC31553F775004FC1B1 /* MEWelcomeController.m in Sources */,
				6F2B979D1554C9F20082E571 /* MEBackgroundView.m in Sources */,
				6F2B97A21554CE040082E571 /* MESignInController.m in Sources */,
				6F2B97A51554D13F0082E571 /* MEFontLibrary.m in Sources */,
				6F2B97A81554D4E50082E571 /* UILabelExtension.m in Sources */,
				6F5AC9E0155518B400DC48C4 /* MESignInView.m in Sources */,
				6F5AC9EF155524DD00DC48C4 /* MEStickerView.m in Sources */,
				6F44B89F1556A217009FE6EC /* MEUser.m in Sources */,
				6F340E46155CDAE3003722EA /* MECalendarController.m in Sources */,
				6F340E4F155D2067003722EA /* MECalendarView.m in Sources */,
				6F340E52155D2F76003722EA /* MECalendar.m in Sources */,
				6F8AEF7F156FE3EE001F0DF8 /* MEMonthView.m in Sources */,
				6F3E01061571D2C00085415C /* NSStringExtension.m in Sources */,
				6F3E01091571D5CF0085415C /* MELabel.m in Sources */,
				6F3E01181571F9C40085415C /* MEWeekCell.m in Sources */,
				6F434AF9157A322400616177 /* MEDayView.m in Sources */,
			);
			runOnlyForDeploymentPostprocessing = 0;
		};
		6F6FB24D15539E57000AE8EC /* Sources */ = {
			isa = PBXSourcesBuildPhase;
			buildActionMask = 2147483647;
			files = (
				6F6FB26115539E57000AE8EC /* MeCalendarTests.m in Sources */,
			);
			runOnlyForDeploymentPostprocessing = 0;
		};
/* End PBXSourcesBuildPhase section */

/* Begin PBXTargetDependency section */
		6F6FB25815539E57000AE8EC /* PBXTargetDependency */ = {
			isa = PBXTargetDependency;
			target = 6F6FB23615539E57000AE8EC /* OneHour4Me */;
			targetProxy = 6F6FB25715539E57000AE8EC /* PBXContainerItemProxy */;
		};
/* End PBXTargetDependency section */

/* Begin PBXVariantGroup section */
		6F2666F515627E8A004E56A2 /* InfoPlist.strings */ = {
			isa = PBXVariantGroup;
			children = (
				6F2666F615627E8A004E56A2 /* en */,
			);
			name = InfoPlist.strings;
			sourceTree = "<group>";
		};
		6F6FB24415539E57000AE8EC /* InfoPlist.strings */ = {
			isa = PBXVariantGroup;
			children = (
				6F6FB24515539E57000AE8EC /* en */,
			);
			name = InfoPlist.strings;
			sourceTree = "<group>";
		};
		6F6FB25C15539E57000AE8EC /* InfoPlist.strings */ = {
			isa = PBXVariantGroup;
			children = (
				6F6FB25D15539E57000AE8EC /* en */,
			);
			name = InfoPlist.strings;
			sourceTree = "<group>";
		};
/* End PBXVariantGroup section */

/* Begin XCBuildConfiguration section */
		6F26670515627E8A004E56A2 /* Debug */ = {
			isa = XCBuildConfiguration;
			buildSettings = {
				CLANG_ENABLE_OBJC_ARC = NO;
				"CODE_SIGN_IDENTITY[sdk=iphoneos*]" = "iPhone Developer";
				FRAMEWORK_SEARCH_PATHS = (
					"$(inherited)",
					"\"$(SRCROOT)\"",
				);
				GCC_PRECOMPILE_PREFIX_HEADER = YES;
				GCC_PREFIX_HEADER = "OneHour4MeGHTests/OneHour4MeGHTests-Prefix.pch";
				INFOPLIST_FILE = "OneHour4MeGHTests/OneHour4MeGHTests-Info.plist";
				OTHER_LDFLAGS = (
					"-ObjC",
					"-all_load",
				);
				PRODUCT_NAME = "$(TARGET_NAME)";
				WRAPPER_EXTENSION = app;
			};
			name = Debug;
		};
		6F26670615627E8A004E56A2 /* Release */ = {
			isa = XCBuildConfiguration;
			buildSettings = {
				CLANG_ENABLE_OBJC_ARC = NO;
				"CODE_SIGN_IDENTITY[sdk=iphoneos*]" = "iPhone Developer";
				FRAMEWORK_SEARCH_PATHS = (
					"$(inherited)",
					"\"$(SRCROOT)\"",
				);
				GCC_PRECOMPILE_PREFIX_HEADER = YES;
				GCC_PREFIX_HEADER = "OneHour4MeGHTests/OneHour4MeGHTests-Prefix.pch";
				INFOPLIST_FILE = "OneHour4MeGHTests/OneHour4MeGHTests-Info.plist";
				OTHER_LDFLAGS = (
					"-ObjC",
					"-all_load",
				);
				PRODUCT_NAME = "$(TARGET_NAME)";
				WRAPPER_EXTENSION = app;
			};
			name = Release;
		};
		6F6FB26215539E57000AE8EC /* Debug */ = {
			isa = XCBuildConfiguration;
			buildSettings = {
				ALWAYS_SEARCH_USER_PATHS = NO;
				ARCHS = "$(ARCHS_STANDARD_32_BIT)";
				CLANG_ENABLE_OBJC_ARC = YES;
				"CODE_SIGN_IDENTITY[sdk=iphoneos*]" = "iPhone Developer";
				COPY_PHASE_STRIP = NO;
				GCC_C_LANGUAGE_STANDARD = gnu99;
				GCC_DYNAMIC_NO_PIC = NO;
				GCC_OPTIMIZATION_LEVEL = 0;
				GCC_PREPROCESSOR_DEFINITIONS = (
					"DEBUG=1",
					"$(inherited)",
				);
				GCC_SYMBOLS_PRIVATE_EXTERN = NO;
				GCC_VERSION = com.apple.compilers.llvm.clang.1_0;
				GCC_WARN_ABOUT_RETURN_TYPE = YES;
				GCC_WARN_UNINITIALIZED_AUTOS = YES;
				GCC_WARN_UNUSED_VARIABLE = YES;
				IPHONEOS_DEPLOYMENT_TARGET = 5.1;
				SDKROOT = iphoneos;
			};
			name = Debug;
		};
		6F6FB26315539E57000AE8EC /* Release */ = {
			isa = XCBuildConfiguration;
			buildSettings = {
				ALWAYS_SEARCH_USER_PATHS = NO;
				ARCHS = "$(ARCHS_STANDARD_32_BIT)";
				CLANG_ENABLE_OBJC_ARC = YES;
				"CODE_SIGN_IDENTITY[sdk=iphoneos*]" = "iPhone Developer";
				COPY_PHASE_STRIP = YES;
				GCC_C_LANGUAGE_STANDARD = gnu99;
				GCC_VERSION = com.apple.compilers.llvm.clang.1_0;
				GCC_WARN_ABOUT_RETURN_TYPE = YES;
				GCC_WARN_UNINITIALIZED_AUTOS = YES;
				GCC_WARN_UNUSED_VARIABLE = YES;
				IPHONEOS_DEPLOYMENT_TARGET = 5.1;
				OTHER_CFLAGS = "-DNS_BLOCK_ASSERTIONS=1";
				SDKROOT = iphoneos;
				VALIDATE_PRODUCT = YES;
			};
			name = Release;
		};
		6F6FB26515539E57000AE8EC /* Debug */ = {
			isa = XCBuildConfiguration;
			buildSettings = {
				CLANG_ENABLE_OBJC_ARC = NO;
				GCC_PRECOMPILE_PREFIX_HEADER = YES;
				GCC_PREFIX_HEADER = "OneHour4Me/OneHour4Me-Prefix.pch";
				GCC_VERSION = com.apple.compilers.llvm.clang.1_0;
				INFOPLIST_FILE = "OneHour4Me/OneHour4Me-Info.plist";
				PRODUCT_NAME = "$(TARGET_NAME)";
				WRAPPER_EXTENSION = app;
			};
			name = Debug;
		};
		6F6FB26615539E57000AE8EC /* Release */ = {
			isa = XCBuildConfiguration;
			buildSettings = {
				CLANG_ENABLE_OBJC_ARC = NO;
				GCC_PRECOMPILE_PREFIX_HEADER = YES;
				GCC_PREFIX_HEADER = "OneHour4Me/OneHour4Me-Prefix.pch";
				GCC_VERSION = com.apple.compilers.llvm.clang.1_0;
				INFOPLIST_FILE = "OneHour4Me/OneHour4Me-Info.plist";
				PRODUCT_NAME = "$(TARGET_NAME)";
				WRAPPER_EXTENSION = app;
			};
			name = Release;
		};
		6F6FB26815539E57000AE8EC /* Debug */ = {
			isa = XCBuildConfiguration;
			buildSettings = {
				BUNDLE_LOADER = "$(BUILT_PRODUCTS_DIR)/OneHour4Me.app/OneHour4Me";
				FRAMEWORK_SEARCH_PATHS = (
					"$(SDKROOT)/Developer/Library/Frameworks",
					"$(DEVELOPER_LIBRARY_DIR)/Frameworks",
				);
				GCC_PRECOMPILE_PREFIX_HEADER = YES;
				GCC_PREFIX_HEADER = "OneHour4Me/OneHour4Me-Prefix.pch";
				INFOPLIST_FILE = "OneHour4MeTests/OneHour4MeTests-Info.plist";
				PRODUCT_NAME = "$(TARGET_NAME)";
				TEST_HOST = "$(BUNDLE_LOADER)";
				WRAPPER_EXTENSION = octest;
			};
			name = Debug;
		};
		6F6FB26915539E57000AE8EC /* Release */ = {
			isa = XCBuildConfiguration;
			buildSettings = {
				BUNDLE_LOADER = "$(BUILT_PRODUCTS_DIR)/OneHour4Me.app/OneHour4Me";
				FRAMEWORK_SEARCH_PATHS = (
					"$(SDKROOT)/Developer/Library/Frameworks",
					"$(DEVELOPER_LIBRARY_DIR)/Frameworks",
				);
				GCC_PRECOMPILE_PREFIX_HEADER = YES;
				GCC_PREFIX_HEADER = "OneHour4Me/OneHour4Me-Prefix.pch";
				INFOPLIST_FILE = "OneHour4MeTests/OneHour4MeTests-Info.plist";
				PRODUCT_NAME = "$(TARGET_NAME)";
				TEST_HOST = "$(BUNDLE_LOADER)";
				WRAPPER_EXTENSION = octest;
			};
			name = Release;
		};
/* End XCBuildConfiguration section */

/* Begin XCConfigurationList section */
		6F26670415627E8A004E56A2 /* Build configuration list for PBXNativeTarget "OneHour4MeGHTests" */ = {
			isa = XCConfigurationList;
			buildConfigurations = (
				6F26670515627E8A004E56A2 /* Debug */,
				6F26670615627E8A004E56A2 /* Release */,
			);
			defaultConfigurationIsVisible = 0;
			defaultConfigurationName = Release;
		};
		6F6FB23115539E57000AE8EC /* Build configuration list for PBXProject "OneHour4Me" */ = {
			isa = XCConfigurationList;
			buildConfigurations = (
				6F6FB26215539E57000AE8EC /* Debug */,
				6F6FB26315539E57000AE8EC /* Release */,
			);
			defaultConfigurationIsVisible = 0;
			defaultConfigurationName = Release;
		};
		6F6FB26415539E57000AE8EC /* Build configuration list for PBXNativeTarget "OneHour4Me" */ = {
			isa = XCConfigurationList;
			buildConfigurations = (
				6F6FB26515539E57000AE8EC /* Debug */,
				6F6FB26615539E57000AE8EC /* Release */,
			);
			defaultConfigurationIsVisible = 0;
			defaultConfigurationName = Release;
		};
		6F6FB26715539E57000AE8EC /* Build configuration list for PBXNativeTarget "OneHour4MeTests" */ = {
			isa = XCConfigurationList;
			buildConfigurations = (
				6F6FB26815539E57000AE8EC /* Debug */,
				6F6FB26915539E57000AE8EC /* Release */,
			);
			defaultConfigurationIsVisible = 0;
			defaultConfigurationName = Release;
		};
/* End XCConfigurationList section */
	};
	rootObject = 6F6FB22E15539E57000AE8EC /* Project object */;
}
