// !$*UTF8*$!
{
	archiveVersion = 1;
	classes = {
	};
	objectVersion = 46;
	objects = {

/* Begin PBXBuildFile section */
		6F2B978D1554B10D0082E571 /* activities@2x.png in Resources */ = {isa = PBXBuildFile; fileRef = 6F2B978C1554B10D0082E571 /* activities@2x.png */; };
		6F2B97981554C8D30082E571 /* signin.xib in Resources */ = {isa = PBXBuildFile; fileRef = 6F2B97971554C8D30082E571 /* signin.xib */; };
		6F2B979D1554C9F20082E571 /* MEBackgroundView.m in Sources */ = {isa = PBXBuildFile; fileRef = 6F2B979C1554C9F20082E571 /* MEBackgroundView.m */; };
		6F2B979F1554CD3F0082E571 /* sticker.png in Resources */ = {isa = PBXBuildFile; fileRef = 6F2B979E1554CD3F0082E571 /* sticker.png */; };
		6F2B97A21554CE040082E571 /* MESignInViewController.m in Sources */ = {isa = PBXBuildFile; fileRef = 6F2B97A11554CE040082E571 /* MESignInViewController.m */; };
		6F2B97A51554D13F0082E571 /* MEFontLibrary.m in Sources */ = {isa = PBXBuildFile; fileRef = 6F2B97A41554D13F0082E571 /* MEFontLibrary.m */; };
		6F2B97A81554D4E50082E571 /* UILabelExtension.m in Sources */ = {isa = PBXBuildFile; fileRef = 6F2B97A71554D4E50082E571 /* UILabelExtension.m */; };
		6F5AC9DB155517ED00DC48C4 /* blackboard.png in Resources */ = {isa = PBXBuildFile; fileRef = 6F5AC9DA155517ED00DC48C4 /* blackboard.png */; };
		6F5AC9DD1555181900DC48C4 /* blackboard@2x.png in Resources */ = {isa = PBXBuildFile; fileRef = 6F5AC9DC1555181900DC48C4 /* blackboard@2x.png */; };
		6F6FB23C15539E57000AE8EC /* UIKit.framework in Frameworks */ = {isa = PBXBuildFile; fileRef = 6F6FB23B15539E57000AE8EC /* UIKit.framework */; };
		6F6FB23E15539E57000AE8EC /* Foundation.framework in Frameworks */ = {isa = PBXBuildFile; fileRef = 6F6FB23D15539E57000AE8EC /* Foundation.framework */; };
		6F6FB24015539E57000AE8EC /* CoreGraphics.framework in Frameworks */ = {isa = PBXBuildFile; fileRef = 6F6FB23F15539E57000AE8EC /* CoreGraphics.framework */; };
		6F6FB24615539E57000AE8EC /* InfoPlist.strings in Resources */ = {isa = PBXBuildFile; fileRef = 6F6FB24415539E57000AE8EC /* InfoPlist.strings */; };
		6F6FB24815539E57000AE8EC /* main.m in Sources */ = {isa = PBXBuildFile; fileRef = 6F6FB24715539E57000AE8EC /* main.m */; };
		6F6FB24C15539E57000AE8EC /* MEAppDelegate.m in Sources */ = {isa = PBXBuildFile; fileRef = 6F6FB24B15539E57000AE8EC /* MEAppDelegate.m */; };
		6F6FB25415539E57000AE8EC /* SenTestingKit.framework in Frameworks */ = {isa = PBXBuildFile; fileRef = 6F6FB25315539E57000AE8EC /* SenTestingKit.framework */; };
		6F6FB25515539E57000AE8EC /* UIKit.framework in Frameworks */ = {isa = PBXBuildFile; fileRef = 6F6FB23B15539E57000AE8EC /* UIKit.framework */; };
		6F6FB25615539E57000AE8EC /* Foundation.framework in Frameworks */ = {isa = PBXBuildFile; fileRef = 6F6FB23D15539E57000AE8EC /* Foundation.framework */; };
		6F6FB25E15539E57000AE8EC /* InfoPlist.strings in Resources */ = {isa = PBXBuildFile; fileRef = 6F6FB25C15539E57000AE8EC /* InfoPlist.strings */; };
		6F6FB26115539E57000AE8EC /* OneHour4MeTests.m in Sources */ = {isa = PBXBuildFile; fileRef = 6F6FB26015539E57000AE8EC /* OneHour4MeTests.m */; };
		6FEBCABF1553F57B004FC1B1 /* welcome.xib in Resources */ = {isa = PBXBuildFile; fileRef = 6FEBCABE1553F57B004FC1B1 /* welcome.xib */; };
		6FEBCAC31553F775004FC1B1 /* MEWelcomeViewController.m in Sources */ = {isa = PBXBuildFile; fileRef = 6FEBCAC21553F775004FC1B1 /* MEWelcomeViewController.m */; };
		6FEBCACF155400D3004FC1B1 /* activities.png in Resources */ = {isa = PBXBuildFile; fileRef = 6FEBCACE155400D3004FC1B1 /* activities.png */; };
		6FEBCAD41554063A004FC1B1 /* lucida-calligraphy-italic.ttf in Resources */ = {isa = PBXBuildFile; fileRef = 6FEBCAD31554063A004FC1B1 /* lucida-calligraphy-italic.ttf */; };
/* End PBXBuildFile section */

/* Begin PBXContainerItemProxy section */
		6F6FB25715539E57000AE8EC /* PBXContainerItemProxy */ = {
			isa = PBXContainerItemProxy;
			containerPortal = 6F6FB22E15539E57000AE8EC /* Project object */;
			proxyType = 1;
			remoteGlobalIDString = 6F6FB23615539E57000AE8EC;
			remoteInfo = OneHour4Me;
		};
/* End PBXContainerItemProxy section */

/* Begin PBXFileReference section */
		6F2B978C1554B10D0082E571 /* activities@2x.png */ = {isa = PBXFileReference; lastKnownFileType = image.png; path = "activities@2x.png"; sourceTree = "<group>"; };
		6F2B97971554C8D30082E571 /* signin.xib */ = {isa = PBXFileReference; fileEncoding = 4; lastKnownFileType = file.xib; path = signin.xib; sourceTree = "<group>"; };
		6F2B979B1554C9F20082E571 /* MEBackgroundView.h */ = {isa = PBXFileReference; fileEncoding = 4; lastKnownFileType = sourcecode.c.h; path = MEBackgroundView.h; sourceTree = "<group>"; };
		6F2B979C1554C9F20082E571 /* MEBackgroundView.m */ = {isa = PBXFileReference; fileEncoding = 4; lastKnownFileType = sourcecode.c.objc; path = MEBackgroundView.m; sourceTree = "<group>"; };
		6F2B979E1554CD3F0082E571 /* sticker.png */ = {isa = PBXFileReference; lastKnownFileType = image.png; path = sticker.png; sourceTree = "<group>"; };
		6F2B97A01554CE040082E571 /* MESignInViewController.h */ = {isa = PBXFileReference; fileEncoding = 4; lastKnownFileType = sourcecode.c.h; path = MESignInViewController.h; sourceTree = "<group>"; };
		6F2B97A11554CE040082E571 /* MESignInViewController.m */ = {isa = PBXFileReference; fileEncoding = 4; lastKnownFileType = sourcecode.c.objc; path = MESignInViewController.m; sourceTree = "<group>"; };
		6F2B97A31554D13F0082E571 /* MEFontLibrary.h */ = {isa = PBXFileReference; fileEncoding = 4; lastKnownFileType = sourcecode.c.h; path = MEFontLibrary.h; sourceTree = "<group>"; };
		6F2B97A41554D13F0082E571 /* MEFontLibrary.m */ = {isa = PBXFileReference; fileEncoding = 4; lastKnownFileType = sourcecode.c.objc; path = MEFontLibrary.m; sourceTree = "<group>"; };
		6F2B97A61554D4E50082E571 /* UILabelExtension.h */ = {isa = PBXFileReference; fileEncoding = 4; lastKnownFileType = sourcecode.c.h; path = UILabelExtension.h; sourceTree = "<group>"; };
		6F2B97A71554D4E50082E571 /* UILabelExtension.m */ = {isa = PBXFileReference; fileEncoding = 4; lastKnownFileType = sourcecode.c.objc; path = UILabelExtension.m; sourceTree = "<group>"; };
		6F5AC9DA155517ED00DC48C4 /* blackboard.png */ = {isa = PBXFileReference; lastKnownFileType = image.png; path = blackboard.png; sourceTree = "<group>"; };
		6F5AC9DC1555181900DC48C4 /* blackboard@2x.png */ = {isa = PBXFileReference; lastKnownFileType = image.png; path = "blackboard@2x.png"; sourceTree = "<group>"; };
		6F6FB23715539E57000AE8EC /* OneHour4Me.app */ = {isa = PBXFileReference; explicitFileType = wrapper.application; includeInIndex = 0; path = OneHour4Me.app; sourceTree = BUILT_PRODUCTS_DIR; };
		6F6FB23B15539E57000AE8EC /* UIKit.framework */ = {isa = PBXFileReference; lastKnownFileType = wrapper.framework; name = UIKit.framework; path = System/Library/Frameworks/UIKit.framework; sourceTree = SDKROOT; };
		6F6FB23D15539E57000AE8EC /* Foundation.framework */ = {isa = PBXFileReference; lastKnownFileType = wrapper.framework; name = Foundation.framework; path = System/Library/Frameworks/Foundation.framework; sourceTree = SDKROOT; };
		6F6FB23F15539E57000AE8EC /* CoreGraphics.framework */ = {isa = PBXFileReference; lastKnownFileType = wrapper.framework; name = CoreGraphics.framework; path = System/Library/Frameworks/CoreGraphics.framework; sourceTree = SDKROOT; };
		6F6FB24315539E57000AE8EC /* OneHour4Me-Info.plist */ = {isa = PBXFileReference; lastKnownFileType = text.plist.xml; path = "OneHour4Me-Info.plist"; sourceTree = "<group>"; };
		6F6FB24515539E57000AE8EC /* en */ = {isa = PBXFileReference; lastKnownFileType = text.plist.strings; name = en; path = en.lproj/InfoPlist.strings; sourceTree = "<group>"; };
		6F6FB24715539E57000AE8EC /* main.m */ = {isa = PBXFileReference; lastKnownFileType = sourcecode.c.objc; path = main.m; sourceTree = "<group>"; };
		6F6FB24915539E57000AE8EC /* OneHour4Me-Prefix.pch */ = {isa = PBXFileReference; lastKnownFileType = sourcecode.c.h; path = "OneHour4Me-Prefix.pch"; sourceTree = "<group>"; };
		6F6FB24A15539E57000AE8EC /* MEAppDelegate.h */ = {isa = PBXFileReference; lastKnownFileType = sourcecode.c.h; path = MEAppDelegate.h; sourceTree = "<group>"; };
		6F6FB24B15539E57000AE8EC /* MEAppDelegate.m */ = {isa = PBXFileReference; lastKnownFileType = sourcecode.c.objc; path = MEAppDelegate.m; sourceTree = "<group>"; };
		6F6FB25215539E57000AE8EC /* OneHour4MeTests.octest */ = {isa = PBXFileReference; explicitFileType = wrapper.cfbundle; includeInIndex = 0; path = OneHour4MeTests.octest; sourceTree = BUILT_PRODUCTS_DIR; };
		6F6FB25315539E57000AE8EC /* SenTestingKit.framework */ = {isa = PBXFileReference; lastKnownFileType = wrapper.framework; name = SenTestingKit.framework; path = Library/Frameworks/SenTestingKit.framework; sourceTree = DEVELOPER_DIR; };
		6F6FB25B15539E57000AE8EC /* OneHour4MeTests-Info.plist */ = {isa = PBXFileReference; lastKnownFileType = text.plist.xml; path = "OneHour4MeTests-Info.plist"; sourceTree = "<group>"; };
		6F6FB25D15539E57000AE8EC /* en */ = {isa = PBXFileReference; lastKnownFileType = text.plist.strings; name = en; path = en.lproj/InfoPlist.strings; sourceTree = "<group>"; };
		6F6FB25F15539E57000AE8EC /* OneHour4MeTests.h */ = {isa = PBXFileReference; lastKnownFileType = sourcecode.c.h; path = OneHour4MeTests.h; sourceTree = "<group>"; };
		6F6FB26015539E57000AE8EC /* OneHour4MeTests.m */ = {isa = PBXFileReference; lastKnownFileType = sourcecode.c.objc; path = OneHour4MeTests.m; sourceTree = "<group>"; };
		6FEBCABE1553F57B004FC1B1 /* welcome.xib */ = {isa = PBXFileReference; fileEncoding = 4; lastKnownFileType = file.xib; path = welcome.xib; sourceTree = "<group>"; };
		6FEBCAC11553F775004FC1B1 /* MEWelcomeViewController.h */ = {isa = PBXFileReference; fileEncoding = 4; lastKnownFileType = sourcecode.c.h; path = MEWelcomeViewController.h; sourceTree = "<group>"; };
		6FEBCAC21553F775004FC1B1 /* MEWelcomeViewController.m */ = {isa = PBXFileReference; fileEncoding = 4; lastKnownFileType = sourcecode.c.objc; path = MEWelcomeViewController.m; sourceTree = "<group>"; };
		6FEBCACE155400D3004FC1B1 /* activities.png */ = {isa = PBXFileReference; lastKnownFileType = image.png; path = activities.png; sourceTree = "<group>"; };
		6FEBCAD31554063A004FC1B1 /* lucida-calligraphy-italic.ttf */ = {isa = PBXFileReference; lastKnownFileType = file; path = "lucida-calligraphy-italic.ttf"; sourceTree = "<group>"; };
/* End PBXFileReference section */

/* Begin PBXFrameworksBuildPhase section */
		6F6FB23415539E57000AE8EC /* Frameworks */ = {
			isa = PBXFrameworksBuildPhase;
			buildActionMask = 2147483647;
			files = (
				6F6FB23C15539E57000AE8EC /* UIKit.framework in Frameworks */,
				6F6FB23E15539E57000AE8EC /* Foundation.framework in Frameworks */,
				6F6FB24015539E57000AE8EC /* CoreGraphics.framework in Frameworks */,
			);
			runOnlyForDeploymentPostprocessing = 0;
		};
		6F6FB24E15539E57000AE8EC /* Frameworks */ = {
			isa = PBXFrameworksBuildPhase;
			buildActionMask = 2147483647;
			files = (
				6F6FB25415539E57000AE8EC /* SenTestingKit.framework in Frameworks */,
				6F6FB25515539E57000AE8EC /* UIKit.framework in Frameworks */,
				6F6FB25615539E57000AE8EC /* Foundation.framework in Frameworks */,
			);
			runOnlyForDeploymentPostprocessing = 0;
		};
/* End PBXFrameworksBuildPhase section */

/* Begin PBXGroup section */
		6F2B979A1554C9CB0082E571 /* Views */ = {
			isa = PBXGroup;
			children = (
				6F2B979B1554C9F20082E571 /* MEBackgroundView.h */,
				6F2B979C1554C9F20082E571 /* MEBackgroundView.m */,
				6F2B97A61554D4E50082E571 /* UILabelExtension.h */,
				6F2B97A71554D4E50082E571 /* UILabelExtension.m */,
			);
			name = Views;
			sourceTree = "<group>";
		};
		6F6FB22C15539E57000AE8EC = {
			isa = PBXGroup;
			children = (
				6F6FB24115539E57000AE8EC /* OneHour4Me */,
				6F6FB25915539E57000AE8EC /* OneHour4MeTests */,
				6F6FB23A15539E57000AE8EC /* Frameworks */,
				6F6FB23815539E57000AE8EC /* Products */,
			);
			sourceTree = "<group>";
		};
		6F6FB23815539E57000AE8EC /* Products */ = {
			isa = PBXGroup;
			children = (
				6F6FB23715539E57000AE8EC /* OneHour4Me.app */,
				6F6FB25215539E57000AE8EC /* OneHour4MeTests.octest */,
			);
			name = Products;
			sourceTree = "<group>";
		};
		6F6FB23A15539E57000AE8EC /* Frameworks */ = {
			isa = PBXGroup;
			children = (
				6F6FB23B15539E57000AE8EC /* UIKit.framework */,
				6F6FB23D15539E57000AE8EC /* Foundation.framework */,
				6F6FB23F15539E57000AE8EC /* CoreGraphics.framework */,
				6F6FB25315539E57000AE8EC /* SenTestingKit.framework */,
			);
			name = Frameworks;
			sourceTree = "<group>";
		};
		6F6FB24115539E57000AE8EC /* OneHour4Me */ = {
			isa = PBXGroup;
			children = (
				6F6FB26E1553A209000AE8EC /* Classes */,
				6F6FB2701553A235000AE8EC /* Resources */,
				6F6FB24215539E57000AE8EC /* Supporting Files */,
			);
			path = OneHour4Me;
			sourceTree = "<group>";
		};
		6F6FB24215539E57000AE8EC /* Supporting Files */ = {
			isa = PBXGroup;
			children = (
				6F6FB24315539E57000AE8EC /* OneHour4Me-Info.plist */,
				6F6FB24415539E57000AE8EC /* InfoPlist.strings */,
				6F6FB24915539E57000AE8EC /* OneHour4Me-Prefix.pch */,
			);
			name = "Supporting Files";
			sourceTree = "<group>";
		};
		6F6FB25915539E57000AE8EC /* OneHour4MeTests */ = {
			isa = PBXGroup;
			children = (
				6F6FB25F15539E57000AE8EC /* OneHour4MeTests.h */,
				6F6FB26015539E57000AE8EC /* OneHour4MeTests.m */,
				6F6FB25A15539E57000AE8EC /* Supporting Files */,
			);
			path = OneHour4MeTests;
			sourceTree = "<group>";
		};
		6F6FB25A15539E57000AE8EC /* Supporting Files */ = {
			isa = PBXGroup;
			children = (
				6F6FB25B15539E57000AE8EC /* OneHour4MeTests-Info.plist */,
				6F6FB25C15539E57000AE8EC /* InfoPlist.strings */,
			);
			name = "Supporting Files";
			sourceTree = "<group>";
		};
		6F6FB26E1553A209000AE8EC /* Classes */ = {
			isa = PBXGroup;
			children = (
				6FEBCAC01553F72E004FC1B1 /* Controllers */,
				6F2B979A1554C9CB0082E571 /* Views */,
				6F6FB24A15539E57000AE8EC /* MEAppDelegate.h */,
				6F6FB24B15539E57000AE8EC /* MEAppDelegate.m */,
				6F2B97A31554D13F0082E571 /* MEFontLibrary.h */,
				6F2B97A41554D13F0082E571 /* MEFontLibrary.m */,
				6F6FB24715539E57000AE8EC /* main.m */,
			);
			path = Classes;
			sourceTree = "<group>";
		};
		6F6FB2701553A235000AE8EC /* Resources */ = {
			isa = PBXGroup;
			children = (
				6FEBCAD21554061A004FC1B1 /* Fonts */,
				6FEBCABB1553F4EC004FC1B1 /* Images */,
				6FEBCABD1553F50A004FC1B1 /* Xibs */,
			);
			path = Resources;
			sourceTree = "<group>";
		};
		6FEBCABB1553F4EC004FC1B1 /* Images */ = {
			isa = PBXGroup;
			children = (
				6FEBCACE155400D3004FC1B1 /* activities.png */,
				6F2B978C1554B10D0082E571 /* activities@2x.png */,
				6F5AC9DA155517ED00DC48C4 /* blackboard.png */,
				6F5AC9DC1555181900DC48C4 /* blackboard@2x.png */,
				6F2B979E1554CD3F0082E571 /* sticker.png */,
			);
			path = Images;
			sourceTree = "<group>";
		};
		6FEBCABD1553F50A004FC1B1 /* Xibs */ = {
			isa = PBXGroup;
			children = (
				6FEBCABE1553F57B004FC1B1 /* welcome.xib */,
				6F2B97971554C8D30082E571 /* signin.xib */,
			);
			path = Xibs;
			sourceTree = "<group>";
		};
		6FEBCAC01553F72E004FC1B1 /* Controllers */ = {
			isa = PBXGroup;
			children = (
				6F2B97A01554CE040082E571 /* MESignInViewController.h */,
				6F2B97A11554CE040082E571 /* MESignInViewController.m */,
				6FEBCAC11553F775004FC1B1 /* MEWelcomeViewController.h */,
				6FEBCAC21553F775004FC1B1 /* MEWelcomeViewController.m */,
			);
			name = Controllers;
			sourceTree = "<group>";
		};
		6FEBCAD21554061A004FC1B1 /* Fonts */ = {
			isa = PBXGroup;
			children = (
				6FEBCAD31554063A004FC1B1 /* lucida-calligraphy-italic.ttf */,
			);
			path = Fonts;
			sourceTree = "<group>";
		};
/* End PBXGroup section */

/* Begin PBXNativeTarget section */
		6F6FB23615539E57000AE8EC /* OneHour4Me */ = {
			isa = PBXNativeTarget;
			buildConfigurationList = 6F6FB26415539E57000AE8EC /* Build configuration list for PBXNativeTarget "OneHour4Me" */;
			buildPhases = (
				6F6FB23315539E57000AE8EC /* Sources */,
				6F6FB23415539E57000AE8EC /* Frameworks */,
				6F6FB23515539E57000AE8EC /* Resources */,
			);
			buildRules = (
			);
			dependencies = (
			);
			name = OneHour4Me;
			productName = OneHour4Me;
			productReference = 6F6FB23715539E57000AE8EC /* OneHour4Me.app */;
			productType = "com.apple.product-type.application";
		};
		6F6FB25115539E57000AE8EC /* OneHour4MeTests */ = {
			isa = PBXNativeTarget;
			buildConfigurationList = 6F6FB26715539E57000AE8EC /* Build configuration list for PBXNativeTarget "OneHour4MeTests" */;
			buildPhases = (
				6F6FB24D15539E57000AE8EC /* Sources */,
				6F6FB24E15539E57000AE8EC /* Frameworks */,
				6F6FB24F15539E57000AE8EC /* Resources */,
				6F6FB25015539E57000AE8EC /* ShellScript */,
			);
			buildRules = (
			);
			dependencies = (
				6F6FB25815539E57000AE8EC /* PBXTargetDependency */,
			);
			name = OneHour4MeTests;
			productName = OneHour4MeTests;
			productReference = 6F6FB25215539E57000AE8EC /* OneHour4MeTests.octest */;
			productType = "com.apple.product-type.bundle";
		};
/* End PBXNativeTarget section */

/* Begin PBXProject section */
		6F6FB22E15539E57000AE8EC /* Project object */ = {
			isa = PBXProject;
			attributes = {
				CLASSPREFIX = ME;
				LastUpgradeCheck = 0430;
				ORGANIZATIONNAME = ThoughtWorks;
			};
			buildConfigurationList = 6F6FB23115539E57000AE8EC /* Build configuration list for PBXProject "OneHour4Me" */;
			compatibilityVersion = "Xcode 3.2";
			developmentRegion = English;
			hasScannedForEncodings = 0;
			knownRegions = (
				en,
			);
			mainGroup = 6F6FB22C15539E57000AE8EC;
			productRefGroup = 6F6FB23815539E57000AE8EC /* Products */;
			projectDirPath = "";
			projectRoot = "";
			targets = (
				6F6FB23615539E57000AE8EC /* OneHour4Me */,
				6F6FB25115539E57000AE8EC /* OneHour4MeTests */,
			);
		};
/* End PBXProject section */

/* Begin PBXResourcesBuildPhase section */
		6F6FB23515539E57000AE8EC /* Resources */ = {
			isa = PBXResourcesBuildPhase;
			buildActionMask = 2147483647;
			files = (
				6F6FB24615539E57000AE8EC /* InfoPlist.strings in Resources */,
				6FEBCABF1553F57B004FC1B1 /* welcome.xib in Resources */,
				6FEBCACF155400D3004FC1B1 /* activities.png in Resources */,
				6FEBCAD41554063A004FC1B1 /* lucida-calligraphy-italic.ttf in Resources */,
				6F2B978D1554B10D0082E571 /* activities@2x.png in Resources */,
				6F2B97981554C8D30082E571 /* signin.xib in Resources */,
				6F2B979F1554CD3F0082E571 /* sticker.png in Resources */,
				6F5AC9DB155517ED00DC48C4 /* blackboard.png in Resources */,
				6F5AC9DD1555181900DC48C4 /* blackboard@2x.png in Resources */,
			);
			runOnlyForDeploymentPostprocessing = 0;
		};
		6F6FB24F15539E57000AE8EC /* Resources */ = {
			isa = PBXResourcesBuildPhase;
			buildActionMask = 2147483647;
			files = (
				6F6FB25E15539E57000AE8EC /* InfoPlist.strings in Resources */,
			);
			runOnlyForDeploymentPostprocessing = 0;
		};
/* End PBXResourcesBuildPhase section */

/* Begin PBXShellScriptBuildPhase section */
		6F6FB25015539E57000AE8EC /* ShellScript */ = {
			isa = PBXShellScriptBuildPhase;
			buildActionMask = 2147483647;
			files = (
			);
			inputPaths = (
			);
			outputPaths = (
			);
			runOnlyForDeploymentPostprocessing = 0;
			shellPath = /bin/sh;
			shellScript = "# Run the unit tests in this test bundle.\n\"${SYSTEM_DEVELOPER_DIR}/Tools/RunUnitTests\"\n";
		};
/* End PBXShellScriptBuildPhase section */

/* Begin PBXSourcesBuildPhase section */
		6F6FB23315539E57000AE8EC /* Sources */ = {
			isa = PBXSourcesBuildPhase;
			buildActionMask = 2147483647;
			files = (
				6F6FB24815539E57000AE8EC /* main.m in Sources */,
				6F6FB24C15539E57000AE8EC /* MEAppDelegate.m in Sources */,
				6FEBCAC31553F775004FC1B1 /* MEWelcomeViewController.m in Sources */,
				6F2B979D1554C9F20082E571 /* MEBackgroundView.m in Sources */,
				6F2B97A21554CE040082E571 /* MESignInViewController.m in Sources */,
				6F2B97A51554D13F0082E571 /* MEFontLibrary.m in Sources */,
				6F2B97A81554D4E50082E571 /* UILabelExtension.m in Sources */,
			);
			runOnlyForDeploymentPostprocessing = 0;
		};
		6F6FB24D15539E57000AE8EC /* Sources */ = {
			isa = PBXSourcesBuildPhase;
			buildActionMask = 2147483647;
			files = (
				6F6FB26115539E57000AE8EC /* OneHour4MeTests.m in Sources */,
			);
			runOnlyForDeploymentPostprocessing = 0;
		};
/* End PBXSourcesBuildPhase section */

/* Begin PBXTargetDependency section */
		6F6FB25815539E57000AE8EC /* PBXTargetDependency */ = {
			isa = PBXTargetDependency;
			target = 6F6FB23615539E57000AE8EC /* OneHour4Me */;
			targetProxy = 6F6FB25715539E57000AE8EC /* PBXContainerItemProxy */;
		};
/* End PBXTargetDependency section */

/* Begin PBXVariantGroup section */
		6F6FB24415539E57000AE8EC /* InfoPlist.strings */ = {
			isa = PBXVariantGroup;
			children = (
				6F6FB24515539E57000AE8EC /* en */,
			);
			name = InfoPlist.strings;
			sourceTree = "<group>";
		};
		6F6FB25C15539E57000AE8EC /* InfoPlist.strings */ = {
			isa = PBXVariantGroup;
			children = (
				6F6FB25D15539E57000AE8EC /* en */,
			);
			name = InfoPlist.strings;
			sourceTree = "<group>";
		};
/* End PBXVariantGroup section */

/* Begin XCBuildConfiguration section */
		6F6FB26215539E57000AE8EC /* Debug */ = {
			isa = XCBuildConfiguration;
			buildSettings = {
				ALWAYS_SEARCH_USER_PATHS = NO;
				ARCHS = "$(ARCHS_STANDARD_32_BIT)";
				CLANG_ENABLE_OBJC_ARC = YES;
				"CODE_SIGN_IDENTITY[sdk=iphoneos*]" = "iPhone Developer";
				COPY_PHASE_STRIP = NO;
				GCC_C_LANGUAGE_STANDARD = gnu99;
				GCC_DYNAMIC_NO_PIC = NO;
				GCC_OPTIMIZATION_LEVEL = 0;
				GCC_PREPROCESSOR_DEFINITIONS = (
					"DEBUG=1",
					"$(inherited)",
				);
				GCC_SYMBOLS_PRIVATE_EXTERN = NO;
				GCC_VERSION = com.apple.compilers.llvm.clang.1_0;
				GCC_WARN_ABOUT_RETURN_TYPE = YES;
				GCC_WARN_UNINITIALIZED_AUTOS = YES;
				GCC_WARN_UNUSED_VARIABLE = YES;
				IPHONEOS_DEPLOYMENT_TARGET = 5.1;
				SDKROOT = iphoneos;
			};
			name = Debug;
		};
		6F6FB26315539E57000AE8EC /* Release */ = {
			isa = XCBuildConfiguration;
			buildSettings = {
				ALWAYS_SEARCH_USER_PATHS = NO;
				ARCHS = "$(ARCHS_STANDARD_32_BIT)";
				CLANG_ENABLE_OBJC_ARC = YES;
				"CODE_SIGN_IDENTITY[sdk=iphoneos*]" = "iPhone Developer";
				COPY_PHASE_STRIP = YES;
				GCC_C_LANGUAGE_STANDARD = gnu99;
				GCC_VERSION = com.apple.compilers.llvm.clang.1_0;
				GCC_WARN_ABOUT_RETURN_TYPE = YES;
				GCC_WARN_UNINITIALIZED_AUTOS = YES;
				GCC_WARN_UNUSED_VARIABLE = YES;
				IPHONEOS_DEPLOYMENT_TARGET = 5.1;
				OTHER_CFLAGS = "-DNS_BLOCK_ASSERTIONS=1";
				SDKROOT = iphoneos;
				VALIDATE_PRODUCT = YES;
			};
			name = Release;
		};
		6F6FB26515539E57000AE8EC /* Debug */ = {
			isa = XCBuildConfiguration;
			buildSettings = {
				CLANG_ENABLE_OBJC_ARC = NO;
				GCC_PRECOMPILE_PREFIX_HEADER = YES;
				GCC_PREFIX_HEADER = "OneHour4Me/OneHour4Me-Prefix.pch";
				GCC_VERSION = com.apple.compilers.llvm.clang.1_0;
				INFOPLIST_FILE = "OneHour4Me/OneHour4Me-Info.plist";
				PRODUCT_NAME = "$(TARGET_NAME)";
				WRAPPER_EXTENSION = app;
			};
			name = Debug;
		};
		6F6FB26615539E57000AE8EC /* Release */ = {
			isa = XCBuildConfiguration;
			buildSettings = {
				CLANG_ENABLE_OBJC_ARC = NO;
				GCC_PRECOMPILE_PREFIX_HEADER = YES;
				GCC_PREFIX_HEADER = "OneHour4Me/OneHour4Me-Prefix.pch";
				GCC_VERSION = com.apple.compilers.llvm.clang.1_0;
				INFOPLIST_FILE = "OneHour4Me/OneHour4Me-Info.plist";
				PRODUCT_NAME = "$(TARGET_NAME)";
				WRAPPER_EXTENSION = app;
			};
			name = Release;
		};
		6F6FB26815539E57000AE8EC /* Debug */ = {
			isa = XCBuildConfiguration;
			buildSettings = {
				BUNDLE_LOADER = "$(BUILT_PRODUCTS_DIR)/OneHour4Me.app/OneHour4Me";
				FRAMEWORK_SEARCH_PATHS = (
					"$(SDKROOT)/Developer/Library/Frameworks",
					"$(DEVELOPER_LIBRARY_DIR)/Frameworks",
				);
				GCC_PRECOMPILE_PREFIX_HEADER = YES;
				GCC_PREFIX_HEADER = "OneHour4Me/OneHour4Me-Prefix.pch";
				INFOPLIST_FILE = "OneHour4MeTests/OneHour4MeTests-Info.plist";
				PRODUCT_NAME = "$(TARGET_NAME)";
				TEST_HOST = "$(BUNDLE_LOADER)";
				WRAPPER_EXTENSION = octest;
			};
			name = Debug;
		};
		6F6FB26915539E57000AE8EC /* Release */ = {
			isa = XCBuildConfiguration;
			buildSettings = {
				BUNDLE_LOADER = "$(BUILT_PRODUCTS_DIR)/OneHour4Me.app/OneHour4Me";
				FRAMEWORK_SEARCH_PATHS = (
					"$(SDKROOT)/Developer/Library/Frameworks",
					"$(DEVELOPER_LIBRARY_DIR)/Frameworks",
				);
				GCC_PRECOMPILE_PREFIX_HEADER = YES;
				GCC_PREFIX_HEADER = "OneHour4Me/OneHour4Me-Prefix.pch";
				INFOPLIST_FILE = "OneHour4MeTests/OneHour4MeTests-Info.plist";
				PRODUCT_NAME = "$(TARGET_NAME)";
				TEST_HOST = "$(BUNDLE_LOADER)";
				WRAPPER_EXTENSION = octest;
			};
			name = Release;
		};
/* End XCBuildConfiguration section */

/* Begin XCConfigurationList section */
		6F6FB23115539E57000AE8EC /* Build configuration list for PBXProject "OneHour4Me" */ = {
			isa = XCConfigurationList;
			buildConfigurations = (
				6F6FB26215539E57000AE8EC /* Debug */,
				6F6FB26315539E57000AE8EC /* Release */,
			);
			defaultConfigurationIsVisible = 0;
			defaultConfigurationName = Release;
		};
		6F6FB26415539E57000AE8EC /* Build configuration list for PBXNativeTarget "OneHour4Me" */ = {
			isa = XCConfigurationList;
			buildConfigurations = (
				6F6FB26515539E57000AE8EC /* Debug */,
				6F6FB26615539E57000AE8EC /* Release */,
			);
			defaultConfigurationIsVisible = 0;
			defaultConfigurationName = Release;
		};
		6F6FB26715539E57000AE8EC /* Build configuration list for PBXNativeTarget "OneHour4MeTests" */ = {
			isa = XCConfigurationList;
			buildConfigurations = (
				6F6FB26815539E57000AE8EC /* Debug */,
				6F6FB26915539E57000AE8EC /* Release */,
			);
			defaultConfigurationIsVisible = 0;
			defaultConfigurationName = Release;
		};
/* End XCConfigurationList section */
	};
	rootObject = 6F6FB22E15539E57000AE8EC /* Project object */;
}
